
Microsoft Visual Studio Solution File, Format Version 12.00
# Visual Studio Version 17
VisualStudioVersion = 17.7.34031.279
MinimumVisualStudioVersion = 10.0.40219.1
Project("{FAE04EC0-301F-11D3-BF4B-00C04F79EFBC}") = "CloudTicTacToe.API", "CloudTicTacToe.API\CloudTicTacToe.API.csproj", "{01CE3565-09CE-4C05-8BB0-D4402FD3291D}"
EndProject
Global
	GlobalSection(SolutionConfigurationPlatforms) = preSolution
		Debug|Any CPU = Debug|Any CPU
		Release|Any CPU = Release|Any CPU
	EndGlobalSection
	GlobalSection(ProjectConfigurationPlatforms) = postSolution
		{01CE3565-09CE-4C05-8BB0-D4402FD3291D}.Debug|Any CPU.ActiveCfg = Debug|Any CPU
		{01CE3565-09CE-4C05-8BB0-D4402FD3291D}.Debug|Any CPU.Build.0 = Debug|Any CPU
		{01CE3565-09CE-4C05-8BB0-D4402FD3291D}.Release|Any CPU.ActiveCfg = Release|Any CPU
		{01CE3565-09CE-4C05-8BB0-D4402FD3291D}.Release|Any CPU.Build.0 = Release|Any CPU
	EndGlobalSection
	GlobalSection(SolutionProperties) = preSolution
		HideSolutionNode = FALSE
	EndGlobalSection
	GlobalSection(ExtensibilityGlobals) = postSolution
		SolutionGuid = {7A2A2250-AAE3-4F69-AE15-5B0B227B5B73}
	EndGlobalSection
EndGlobal
